
Microsoft Visual Studio Solution File, Format Version 12.00
# Visual Studio Version 16
VisualStudioVersion = 16.0.30804.86
MinimumVisualStudioVersion = 10.0.40219.1
Project("{FAE04EC0-301F-11D3-BF4B-00C04F79EFBC}") = "NguyenMinhDuyThong", "NguyenMinhDuyThong\NguyenMinhDuyThong.csproj", "{886BE979-94AD-499D-96D9-7222686B5D1C}"
EndProject
Global
	GlobalSection(SolutionConfigurationPlatforms) = preSolution
		Debug|Any CPU = Debug|Any CPU
		Release|Any CPU = Release|Any CPU
	EndGlobalSection
	GlobalSection(ProjectConfigurationPlatforms) = postSolution
		{886BE979-94AD-499D-96D9-7222686B5D1C}.Debug|Any CPU.ActiveCfg = Debug|Any CPU
		{886BE979-94AD-499D-96D9-7222686B5D1C}.Debug|Any CPU.Build.0 = Debug|Any CPU
		{886BE979-94AD-499D-96D9-7222686B5D1C}.Release|Any CPU.ActiveCfg = Release|Any CPU
		{886BE979-94AD-499D-96D9-7222686B5D1C}.Release|Any CPU.Build.0 = Release|Any CPU
	EndGlobalSection
	GlobalSection(SolutionProperties) = preSolution
		HideSolutionNode = FALSE
	EndGlobalSection
	GlobalSection(ExtensibilityGlobals) = postSolution
		SolutionGuid = {38969675-9C6C-43C0-B32D-F4B3B99CD31E}
	EndGlobalSection
EndGlobal
